// !$*UTF8*$!
{
	archiveVersion = 1;
	classes = {
	};
	objectVersion = 56;
	objects = {

/* Begin PBXBuildFile section */
		2B09E2F22BE1ADE30010E049 /* GithubUserViewModel.swift in Sources */ = {isa = PBXBuildFile; fileRef = 2B09E2F12BE1ADE30010E049 /* GithubUserViewModel.swift */; };
		2B09E2F42BE1AE4F0010E049 /* NetworkManager.swift in Sources */ = {isa = PBXBuildFile; fileRef = 2B09E2F32BE1AE4F0010E049 /* NetworkManager.swift */; };
		2B09E2FA2BE1AFF10010E049 /* GithubUser.swift in Sources */ = {isa = PBXBuildFile; fileRef = 2B09E2F92BE1AFF10010E049 /* GithubUser.swift */; };
		2B15784C2BE3871F000B0114 /* ViewModifiers.swift in Sources */ = {isa = PBXBuildFile; fileRef = 2B15784B2BE3871F000B0114 /* ViewModifiers.swift */; };
		2B15784F2BE38DE2000B0114 /* SearchButton.swift in Sources */ = {isa = PBXBuildFile; fileRef = 2B15784E2BE38DE2000B0114 /* SearchButton.swift */; };
		2B1578522BE38FFE000B0114 /* ErrorView.swift in Sources */ = {isa = PBXBuildFile; fileRef = 2B1578512BE38FFE000B0114 /* ErrorView.swift */; };
		2B1578552BE3C6B9000B0114 /* Colours.swift in Sources */ = {isa = PBXBuildFile; fileRef = 2B1578542BE3C6B9000B0114 /* Colours.swift */; };
		2B1578582BE3CD3F000B0114 /* Localizable.strings in Resources */ = {isa = PBXBuildFile; fileRef = 2B1578562BE3CD3F000B0114 /* Localizable.strings */; };
		2B15785B2BE3CE0D000B0114 /* String+Utils.swift in Sources */ = {isa = PBXBuildFile; fileRef = 2B15785A2BE3CE0D000B0114 /* String+Utils.swift */; };
		2BC7F28D2BE11B81001B49FD /* Setvi_tApp.swift in Sources */ = {isa = PBXBuildFile; fileRef = 2BC7F28C2BE11B81001B49FD /* Setvi_tApp.swift */; };
		2BC7F28F2BE11B81001B49FD /* GithubUserView.swift in Sources */ = {isa = PBXBuildFile; fileRef = 2BC7F28E2BE11B81001B49FD /* GithubUserView.swift */; };
		2BC7F2912BE11B82001B49FD /* Assets.xcassets in Resources */ = {isa = PBXBuildFile; fileRef = 2BC7F2902BE11B82001B49FD /* Assets.xcassets */; };
		2BC7F2942BE11B82001B49FD /* Preview Assets.xcassets in Resources */ = {isa = PBXBuildFile; fileRef = 2BC7F2932BE11B82001B49FD /* Preview Assets.xcassets */; };
		2BC7F29E2BE11B82001B49FD /* Setvi_tTests.swift in Sources */ = {isa = PBXBuildFile; fileRef = 2BC7F29D2BE11B82001B49FD /* Setvi_tTests.swift */; };
/* End PBXBuildFile section */

/* Begin PBXContainerItemProxy section */
		2BC7F29A2BE11B82001B49FD /* PBXContainerItemProxy */ = {
			isa = PBXContainerItemProxy;
			containerPortal = 2BC7F2812BE11B81001B49FD /* Project object */;
			proxyType = 1;
			remoteGlobalIDString = 2BC7F2882BE11B81001B49FD;
			remoteInfo = Setvi_t;
		};
/* End PBXContainerItemProxy section */

/* Begin PBXFileReference section */
		2B09E2F12BE1ADE30010E049 /* GithubUserViewModel.swift */ = {isa = PBXFileReference; lastKnownFileType = sourcecode.swift; path = GithubUserViewModel.swift; sourceTree = "<group>"; };
		2B09E2F32BE1AE4F0010E049 /* NetworkManager.swift */ = {isa = PBXFileReference; lastKnownFileType = sourcecode.swift; path = NetworkManager.swift; sourceTree = "<group>"; };
		2B09E2F92BE1AFF10010E049 /* GithubUser.swift */ = {isa = PBXFileReference; lastKnownFileType = sourcecode.swift; path = GithubUser.swift; sourceTree = "<group>"; };
		2B15784B2BE3871F000B0114 /* ViewModifiers.swift */ = {isa = PBXFileReference; lastKnownFileType = sourcecode.swift; path = ViewModifiers.swift; sourceTree = "<group>"; };
		2B15784E2BE38DE2000B0114 /* SearchButton.swift */ = {isa = PBXFileReference; lastKnownFileType = sourcecode.swift; path = SearchButton.swift; sourceTree = "<group>"; };
		2B1578512BE38FFE000B0114 /* ErrorView.swift */ = {isa = PBXFileReference; lastKnownFileType = sourcecode.swift; path = ErrorView.swift; sourceTree = "<group>"; };
		2B1578542BE3C6B9000B0114 /* Colours.swift */ = {isa = PBXFileReference; fileEncoding = 4; lastKnownFileType = sourcecode.swift; path = Colours.swift; sourceTree = "<group>"; };
		2B1578572BE3CD3F000B0114 /* en */ = {isa = PBXFileReference; lastKnownFileType = text.plist.strings; name = en; path = en.lproj/Localizable.strings; sourceTree = "<group>"; };
		2B1578592BE3CDC8000B0114 /* sr */ = {isa = PBXFileReference; lastKnownFileType = text.plist.strings; name = sr; path = sr.lproj/Localizable.strings; sourceTree = "<group>"; };
		2B15785A2BE3CE0D000B0114 /* String+Utils.swift */ = {isa = PBXFileReference; fileEncoding = 4; lastKnownFileType = sourcecode.swift; path = "String+Utils.swift"; sourceTree = "<group>"; };
		2BC7F2892BE11B81001B49FD /* Setvi_t.app */ = {isa = PBXFileReference; explicitFileType = wrapper.application; includeInIndex = 0; path = Setvi_t.app; sourceTree = BUILT_PRODUCTS_DIR; };
		2BC7F28C2BE11B81001B49FD /* Setvi_tApp.swift */ = {isa = PBXFileReference; lastKnownFileType = sourcecode.swift; path = Setvi_tApp.swift; sourceTree = "<group>"; };
		2BC7F28E2BE11B81001B49FD /* GithubUserView.swift */ = {isa = PBXFileReference; lastKnownFileType = sourcecode.swift; path = GithubUserView.swift; sourceTree = "<group>"; };
		2BC7F2902BE11B82001B49FD /* Assets.xcassets */ = {isa = PBXFileReference; lastKnownFileType = folder.assetcatalog; path = Assets.xcassets; sourceTree = "<group>"; };
		2BC7F2932BE11B82001B49FD /* Preview Assets.xcassets */ = {isa = PBXFileReference; lastKnownFileType = folder.assetcatalog; path = "Preview Assets.xcassets"; sourceTree = "<group>"; };
		2BC7F2992BE11B82001B49FD /* Setvi_tTests.xctest */ = {isa = PBXFileReference; explicitFileType = wrapper.cfbundle; includeInIndex = 0; path = Setvi_tTests.xctest; sourceTree = BUILT_PRODUCTS_DIR; };
		2BC7F29D2BE11B82001B49FD /* Setvi_tTests.swift */ = {isa = PBXFileReference; lastKnownFileType = sourcecode.swift; path = Setvi_tTests.swift; sourceTree = "<group>"; };
/* End PBXFileReference section */

/* Begin PBXFrameworksBuildPhase section */
		2BC7F2862BE11B81001B49FD /* Frameworks */ = {
			isa = PBXFrameworksBuildPhase;
			buildActionMask = 2147483647;
			files = (
			);
			runOnlyForDeploymentPostprocessing = 0;
		};
		2BC7F2962BE11B82001B49FD /* Frameworks */ = {
			isa = PBXFrameworksBuildPhase;
			buildActionMask = 2147483647;
			files = (
			);
			runOnlyForDeploymentPostprocessing = 0;
		};
/* End PBXFrameworksBuildPhase section */

/* Begin PBXGroup section */
		2B09E2F52BE1AFA30010E049 /* Engine */ = {
			isa = PBXGroup;
			children = (
				2B09E2F32BE1AE4F0010E049 /* NetworkManager.swift */,
			);
			path = Engine;
			sourceTree = "<group>";
		};
		2B09E2F62BE1AFB00010E049 /* UI */ = {
			isa = PBXGroup;
			children = (
				2B09E2F72BE1AFC00010E049 /* User */,
			);
			path = UI;
			sourceTree = "<group>";
		};
		2B09E2F72BE1AFC00010E049 /* User */ = {
			isa = PBXGroup;
			children = (
				2BC7F28E2BE11B81001B49FD /* GithubUserView.swift */,
				2B09E2F12BE1ADE30010E049 /* GithubUserViewModel.swift */,
			);
			path = User;
			sourceTree = "<group>";
		};
		2B09E2F82BE1AFD90010E049 /* Models */ = {
			isa = PBXGroup;
			children = (
				2B09E2F92BE1AFF10010E049 /* GithubUser.swift */,
			);
			path = Models;
			sourceTree = "<group>";
		};
		2B15784D2BE3873F000B0114 /* Utils */ = {
			isa = PBXGroup;
			children = (
				2B15785A2BE3CE0D000B0114 /* String+Utils.swift */,
				2B15784B2BE3871F000B0114 /* ViewModifiers.swift */,
			);
			path = Utils;
			sourceTree = "<group>";
		};
		2B1578502BE38DF4000B0114 /* Components */ = {
			isa = PBXGroup;
			children = (
				2B15784E2BE38DE2000B0114 /* SearchButton.swift */,
				2B1578512BE38FFE000B0114 /* ErrorView.swift */,
			);
			path = Components;
			sourceTree = "<group>";
		};
		2B1578532BE3C6B0000B0114 /* Resources */ = {
			isa = PBXGroup;
			children = (
				2BC7F2932BE11B82001B49FD /* Preview Assets.xcassets */,
				2BC7F2902BE11B82001B49FD /* Assets.xcassets */,
				2B1578542BE3C6B9000B0114 /* Colours.swift */,
				2B1578562BE3CD3F000B0114 /* Localizable.strings */,
			);
			path = Resources;
			sourceTree = "<group>";
		};
		2BC7F2802BE11B81001B49FD = {
			isa = PBXGroup;
			children = (
				2BC7F28B2BE11B81001B49FD /* Setvi_t */,
				2BC7F29C2BE11B82001B49FD /* Setvi_tTests */,
				2BC7F28A2BE11B81001B49FD /* Products */,
			);
			sourceTree = "<group>";
		};
		2BC7F28A2BE11B81001B49FD /* Products */ = {
			isa = PBXGroup;
			children = (
				2BC7F2892BE11B81001B49FD /* Setvi_t.app */,
				2BC7F2992BE11B82001B49FD /* Setvi_tTests.xctest */,
			);
			name = Products;
			sourceTree = "<group>";
		};
		2BC7F28B2BE11B81001B49FD /* Setvi_t */ = {
			isa = PBXGroup;
			children = (
				2BC7F28C2BE11B81001B49FD /* Setvi_tApp.swift */,
				2B09E2F52BE1AFA30010E049 /* Engine */,
				2B09E2F62BE1AFB00010E049 /* UI */,
				2B09E2F82BE1AFD90010E049 /* Models */,
				2B1578502BE38DF4000B0114 /* Components */,
				2B15784D2BE3873F000B0114 /* Utils */,
				2B1578532BE3C6B0000B0114 /* Resources */,
			);
			path = Setvi_t;
			sourceTree = "<group>";
		};
		2BC7F29C2BE11B82001B49FD /* Setvi_tTests */ = {
			isa = PBXGroup;
			children = (
				2BC7F29D2BE11B82001B49FD /* Setvi_tTests.swift */,
			);
			path = Setvi_tTests;
			sourceTree = "<group>";
		};
/* End PBXGroup section */

/* Begin PBXNativeTarget section */
		2BC7F2882BE11B81001B49FD /* Setvi_t */ = {
			isa = PBXNativeTarget;
			buildConfigurationList = 2BC7F2AD2BE11B82001B49FD /* Build configuration list for PBXNativeTarget "Setvi_t" */;
			buildPhases = (
				2BC7F2852BE11B81001B49FD /* Sources */,
				2BC7F2862BE11B81001B49FD /* Frameworks */,
				2BC7F2872BE11B81001B49FD /* Resources */,
			);
			buildRules = (
			);
			dependencies = (
			);
			name = Setvi_t;
			productName = Setvi_t;
			productReference = 2BC7F2892BE11B81001B49FD /* Setvi_t.app */;
			productType = "com.apple.product-type.application";
		};
		2BC7F2982BE11B82001B49FD /* Setvi_tTests */ = {
			isa = PBXNativeTarget;
			buildConfigurationList = 2BC7F2B02BE11B82001B49FD /* Build configuration list for PBXNativeTarget "Setvi_tTests" */;
			buildPhases = (
				2BC7F2952BE11B82001B49FD /* Sources */,
				2BC7F2962BE11B82001B49FD /* Frameworks */,
				2BC7F2972BE11B82001B49FD /* Resources */,
			);
			buildRules = (
			);
			dependencies = (
				2BC7F29B2BE11B82001B49FD /* PBXTargetDependency */,
			);
			name = Setvi_tTests;
			productName = Setvi_tTests;
			productReference = 2BC7F2992BE11B82001B49FD /* Setvi_tTests.xctest */;
			productType = "com.apple.product-type.bundle.unit-test";
		};
/* End PBXNativeTarget section */

/* Begin PBXProject section */
		2BC7F2812BE11B81001B49FD /* Project object */ = {
			isa = PBXProject;
			attributes = {
				BuildIndependentTargetsInParallel = 1;
				LastSwiftUpdateCheck = 1530;
				LastUpgradeCheck = 1530;
				TargetAttributes = {
					2BC7F2882BE11B81001B49FD = {
						CreatedOnToolsVersion = 15.3;
					};
					2BC7F2982BE11B82001B49FD = {
						CreatedOnToolsVersion = 15.3;
						TestTargetID = 2BC7F2882BE11B81001B49FD;
					};
				};
			};
			buildConfigurationList = 2BC7F2842BE11B81001B49FD /* Build configuration list for PBXProject "Setvi_t" */;
			compatibilityVersion = "Xcode 14.0";
			developmentRegion = en;
			hasScannedForEncodings = 0;
			knownRegions = (
				en,
				Base,
				sr,
			);
			mainGroup = 2BC7F2802BE11B81001B49FD;
			productRefGroup = 2BC7F28A2BE11B81001B49FD /* Products */;
			projectDirPath = "";
			projectRoot = "";
			targets = (
				2BC7F2882BE11B81001B49FD /* Setvi_t */,
				2BC7F2982BE11B82001B49FD /* Setvi_tTests */,
			);
		};
/* End PBXProject section */

/* Begin PBXResourcesBuildPhase section */
		2BC7F2872BE11B81001B49FD /* Resources */ = {
			isa = PBXResourcesBuildPhase;
			buildActionMask = 2147483647;
			files = (
				2BC7F2942BE11B82001B49FD /* Preview Assets.xcassets in Resources */,
				2B1578582BE3CD3F000B0114 /* Localizable.strings in Resources */,
				2BC7F2912BE11B82001B49FD /* Assets.xcassets in Resources */,
			);
			runOnlyForDeploymentPostprocessing = 0;
		};
		2BC7F2972BE11B82001B49FD /* Resources */ = {
			isa = PBXResourcesBuildPhase;
			buildActionMask = 2147483647;
			files = (
			);
			runOnlyForDeploymentPostprocessing = 0;
		};
/* End PBXResourcesBuildPhase section */

/* Begin PBXSourcesBuildPhase section */
		2BC7F2852BE11B81001B49FD /* Sources */ = {
			isa = PBXSourcesBuildPhase;
			buildActionMask = 2147483647;
			files = (
				2B15785B2BE3CE0D000B0114 /* String+Utils.swift in Sources */,
				2B15784F2BE38DE2000B0114 /* SearchButton.swift in Sources */,
				2B09E2F42BE1AE4F0010E049 /* NetworkManager.swift in Sources */,
				2BC7F28F2BE11B81001B49FD /* GithubUserView.swift in Sources */,
				2BC7F28D2BE11B81001B49FD /* Setvi_tApp.swift in Sources */,
				2B09E2FA2BE1AFF10010E049 /* GithubUser.swift in Sources */,
				2B15784C2BE3871F000B0114 /* ViewModifiers.swift in Sources */,
				2B09E2F22BE1ADE30010E049 /* GithubUserViewModel.swift in Sources */,
				2B1578552BE3C6B9000B0114 /* Colours.swift in Sources */,
				2B1578522BE38FFE000B0114 /* ErrorView.swift in Sources */,
			);
			runOnlyForDeploymentPostprocessing = 0;
		};
		2BC7F2952BE11B82001B49FD /* Sources */ = {
			isa = PBXSourcesBuildPhase;
			buildActionMask = 2147483647;
			files = (
				2BC7F29E2BE11B82001B49FD /* Setvi_tTests.swift in Sources */,
			);
			runOnlyForDeploymentPostprocessing = 0;
		};
/* End PBXSourcesBuildPhase section */

/* Begin PBXTargetDependency section */
		2BC7F29B2BE11B82001B49FD /* PBXTargetDependency */ = {
			isa = PBXTargetDependency;
			target = 2BC7F2882BE11B81001B49FD /* Setvi_t */;
			targetProxy = 2BC7F29A2BE11B82001B49FD /* PBXContainerItemProxy */;
		};
/* End PBXTargetDependency section */

/* Begin PBXVariantGroup section */
		2B1578562BE3CD3F000B0114 /* Localizable.strings */ = {
			isa = PBXVariantGroup;
			children = (
				2B1578572BE3CD3F000B0114 /* en */,
				2B1578592BE3CDC8000B0114 /* sr */,
			);
			name = Localizable.strings;
			sourceTree = "<group>";
		};
/* End PBXVariantGroup section */

/* Begin XCBuildConfiguration section */
		2BC7F2AB2BE11B82001B49FD /* Debug */ = {
			isa = XCBuildConfiguration;
			buildSettings = {
				ALWAYS_SEARCH_USER_PATHS = NO;
				ASSETCATALOG_COMPILER_GENERATE_SWIFT_ASSET_SYMBOL_EXTENSIONS = YES;
				CLANG_ANALYZER_LOCALIZABILITY_NONLOCALIZED = YES;
				CLANG_ANALYZER_NONNULL = YES;
				CLANG_ANALYZER_NUMBER_OBJECT_CONVERSION = YES_AGGRESSIVE;
				CLANG_CXX_LANGUAGE_STANDARD = "gnu++20";
				CLANG_ENABLE_MODULES = YES;
				CLANG_ENABLE_OBJC_ARC = YES;
				CLANG_ENABLE_OBJC_WEAK = YES;
				CLANG_WARN_BLOCK_CAPTURE_AUTORELEASING = YES;
				CLANG_WARN_BOOL_CONVERSION = YES;
				CLANG_WARN_COMMA = YES;
				CLANG_WARN_CONSTANT_CONVERSION = YES;
				CLANG_WARN_DEPRECATED_OBJC_IMPLEMENTATIONS = YES;
				CLANG_WARN_DIRECT_OBJC_ISA_USAGE = YES_ERROR;
				CLANG_WARN_DOCUMENTATION_COMMENTS = YES;
				CLANG_WARN_EMPTY_BODY = YES;
				CLANG_WARN_ENUM_CONVERSION = YES;
				CLANG_WARN_INFINITE_RECURSION = YES;
				CLANG_WARN_INT_CONVERSION = YES;
				CLANG_WARN_NON_LITERAL_NULL_CONVERSION = YES;
				CLANG_WARN_OBJC_IMPLICIT_RETAIN_SELF = YES;
				CLANG_WARN_OBJC_LITERAL_CONVERSION = YES;
				CLANG_WARN_OBJC_ROOT_CLASS = YES_ERROR;
				CLANG_WARN_QUOTED_INCLUDE_IN_FRAMEWORK_HEADER = YES;
				CLANG_WARN_RANGE_LOOP_ANALYSIS = YES;
				CLANG_WARN_STRICT_PROTOTYPES = YES;
				CLANG_WARN_SUSPICIOUS_MOVE = YES;
				CLANG_WARN_UNGUARDED_AVAILABILITY = YES_AGGRESSIVE;
				CLANG_WARN_UNREACHABLE_CODE = YES;
				CLANG_WARN__DUPLICATE_METHOD_MATCH = YES;
				COPY_PHASE_STRIP = NO;
				DEBUG_INFORMATION_FORMAT = dwarf;
				ENABLE_STRICT_OBJC_MSGSEND = YES;
				ENABLE_TESTABILITY = YES;
				ENABLE_USER_SCRIPT_SANDBOXING = YES;
				GCC_C_LANGUAGE_STANDARD = gnu17;
				GCC_DYNAMIC_NO_PIC = NO;
				GCC_NO_COMMON_BLOCKS = YES;
				GCC_OPTIMIZATION_LEVEL = 0;
				GCC_PREPROCESSOR_DEFINITIONS = (
					"DEBUG=1",
					"$(inherited)",
				);
				GCC_WARN_64_TO_32_BIT_CONVERSION = YES;
				GCC_WARN_ABOUT_RETURN_TYPE = YES_ERROR;
				GCC_WARN_UNDECLARED_SELECTOR = YES;
				GCC_WARN_UNINITIALIZED_AUTOS = YES_AGGRESSIVE;
				GCC_WARN_UNUSED_FUNCTION = YES;
				GCC_WARN_UNUSED_VARIABLE = YES;
				IPHONEOS_DEPLOYMENT_TARGET = 17.4;
				LOCALIZATION_PREFERS_STRING_CATALOGS = YES;
				MTL_ENABLE_DEBUG_INFO = INCLUDE_SOURCE;
				MTL_FAST_MATH = YES;
				ONLY_ACTIVE_ARCH = YES;
				SDKROOT = iphoneos;
				SWIFT_ACTIVE_COMPILATION_CONDITIONS = "DEBUG $(inherited)";
				SWIFT_OPTIMIZATION_LEVEL = "-Onone";
			};
			name = Debug;
		};
		2BC7F2AC2BE11B82001B49FD /* Release */ = {
			isa = XCBuildConfiguration;
			buildSettings = {
				ALWAYS_SEARCH_USER_PATHS = NO;
				ASSETCATALOG_COMPILER_GENERATE_SWIFT_ASSET_SYMBOL_EXTENSIONS = YES;
				CLANG_ANALYZER_LOCALIZABILITY_NONLOCALIZED = YES;
				CLANG_ANALYZER_NONNULL = YES;
				CLANG_ANALYZER_NUMBER_OBJECT_CONVERSION = YES_AGGRESSIVE;
				CLANG_CXX_LANGUAGE_STANDARD = "gnu++20";
				CLANG_ENABLE_MODULES = YES;
				CLANG_ENABLE_OBJC_ARC = YES;
				CLANG_ENABLE_OBJC_WEAK = YES;
				CLANG_WARN_BLOCK_CAPTURE_AUTORELEASING = YES;
				CLANG_WARN_BOOL_CONVERSION = YES;
				CLANG_WARN_COMMA = YES;
				CLANG_WARN_CONSTANT_CONVERSION = YES;
				CLANG_WARN_DEPRECATED_OBJC_IMPLEMENTATIONS = YES;
				CLANG_WARN_DIRECT_OBJC_ISA_USAGE = YES_ERROR;
				CLANG_WARN_DOCUMENTATION_COMMENTS = YES;
				CLANG_WARN_EMPTY_BODY = YES;
				CLANG_WARN_ENUM_CONVERSION = YES;
				CLANG_WARN_INFINITE_RECURSION = YES;
				CLANG_WARN_INT_CONVERSION = YES;
				CLANG_WARN_NON_LITERAL_NULL_CONVERSION = YES;
				CLANG_WARN_OBJC_IMPLICIT_RETAIN_SELF = YES;
				CLANG_WARN_OBJC_LITERAL_CONVERSION = YES;
				CLANG_WARN_OBJC_ROOT_CLASS = YES_ERROR;
				CLANG_WARN_QUOTED_INCLUDE_IN_FRAMEWORK_HEADER = YES;
				CLANG_WARN_RANGE_LOOP_ANALYSIS = YES;
				CLANG_WARN_STRICT_PROTOTYPES = YES;
				CLANG_WARN_SUSPICIOUS_MOVE = YES;
				CLANG_WARN_UNGUARDED_AVAILABILITY = YES_AGGRESSIVE;
				CLANG_WARN_UNREACHABLE_CODE = YES;
				CLANG_WARN__DUPLICATE_METHOD_MATCH = YES;
				COPY_PHASE_STRIP = NO;
				DEBUG_INFORMATION_FORMAT = "dwarf-with-dsym";
				ENABLE_NS_ASSERTIONS = NO;
				ENABLE_STRICT_OBJC_MSGSEND = YES;
				ENABLE_USER_SCRIPT_SANDBOXING = YES;
				GCC_C_LANGUAGE_STANDARD = gnu17;
				GCC_NO_COMMON_BLOCKS = YES;
				GCC_WARN_64_TO_32_BIT_CONVERSION = YES;
				GCC_WARN_ABOUT_RETURN_TYPE = YES_ERROR;
				GCC_WARN_UNDECLARED_SELECTOR = YES;
				GCC_WARN_UNINITIALIZED_AUTOS = YES_AGGRESSIVE;
				GCC_WARN_UNUSED_FUNCTION = YES;
				GCC_WARN_UNUSED_VARIABLE = YES;
				IPHONEOS_DEPLOYMENT_TARGET = 17.4;
				LOCALIZATION_PREFERS_STRING_CATALOGS = YES;
				MTL_ENABLE_DEBUG_INFO = NO;
				MTL_FAST_MATH = YES;
				SDKROOT = iphoneos;
				SWIFT_COMPILATION_MODE = wholemodule;
				VALIDATE_PRODUCT = YES;
			};
			name = Release;
		};
		2BC7F2AE2BE11B82001B49FD /* Debug */ = {
			isa = XCBuildConfiguration;
			buildSettings = {
				ASSETCATALOG_COMPILER_APPICON_NAME = AppIcon;
				ASSETCATALOG_COMPILER_GLOBAL_ACCENT_COLOR_NAME = AccentColor;
				CODE_SIGN_STYLE = Automatic;
				CURRENT_PROJECT_VERSION = 1;
				DEVELOPMENT_ASSET_PATHS = "\"Setvi_t/Resources/\"";
				ENABLE_PREVIEWS = YES;
				GENERATE_INFOPLIST_FILE = YES;
				INFOPLIST_KEY_UIApplicationSceneManifest_Generation = YES;
				INFOPLIST_KEY_UIApplicationSupportsIndirectInputEvents = YES;
				INFOPLIST_KEY_UILaunchScreen_Generation = YES;
				INFOPLIST_KEY_UISupportedInterfaceOrientations = UIInterfaceOrientationPortrait;
				INFOPLIST_KEY_UISupportedInterfaceOrientations_iPad = "UIInterfaceOrientationLandscapeLeft UIInterfaceOrientationLandscapeRight UIInterfaceOrientationPortrait UIInterfaceOrientationPortraitUpsideDown";
				LD_RUNPATH_SEARCH_PATHS = (
					"$(inherited)",
					"@executable_path/Frameworks",
				);
				MARKETING_VERSION = 1.0;
				PRODUCT_BUNDLE_IDENTIFIER = "awesomeapp.com.Setvi-t";
				PRODUCT_NAME = "$(TARGET_NAME)";
				SWIFT_EMIT_LOC_STRINGS = YES;
				SWIFT_VERSION = 5.0;
				TARGETED_DEVICE_FAMILY = "1,2";
			};
			name = Debug;
		};
		2BC7F2AF2BE11B82001B49FD /* Release */ = {
			isa = XCBuildConfiguration;
			buildSettings = {
				ASSETCATALOG_COMPILER_APPICON_NAME = AppIcon;
				ASSETCATALOG_COMPILER_GLOBAL_ACCENT_COLOR_NAME = AccentColor;
				CODE_SIGN_STYLE = Automatic;
				CURRENT_PROJECT_VERSION = 1;
				DEVELOPMENT_ASSET_PATHS = "\"Setvi_t/Resources/\"";
				ENABLE_PREVIEWS = YES;
				GENERATE_INFOPLIST_FILE = YES;
				INFOPLIST_KEY_UIApplicationSceneManifest_Generation = YES;
				INFOPLIST_KEY_UIApplicationSupportsIndirectInputEvents = YES;
				INFOPLIST_KEY_UILaunchScreen_Generation = YES;
				INFOPLIST_KEY_UISupportedInterfaceOrientations = UIInterfaceOrientationPortrait;
				INFOPLIST_KEY_UISupportedInterfaceOrientations_iPad = "UIInterfaceOrientationLandscapeLeft UIInterfaceOrientationLandscapeRight UIInterfaceOrientationPortrait UIInterfaceOrientationPortraitUpsideDown";
				LD_RUNPATH_SEARCH_PATHS = (
					"$(inherited)",
					"@executable_path/Frameworks",
				);
				MARKETING_VERSION = 1.0;
				PRODUCT_BUNDLE_IDENTIFIER = "awesomeapp.com.Setvi-t";
				PRODUCT_NAME = "$(TARGET_NAME)";
				SWIFT_EMIT_LOC_STRINGS = YES;
				SWIFT_VERSION = 5.0;
				TARGETED_DEVICE_FAMILY = "1,2";
			};
			name = Release;
		};
		2BC7F2B12BE11B82001B49FD /* Debug */ = {
			isa = XCBuildConfiguration;
			buildSettings = {
				ALWAYS_EMBED_SWIFT_STANDARD_LIBRARIES = YES;
				BUNDLE_LOADER = "$(TEST_HOST)";
				CODE_SIGN_STYLE = Automatic;
				CURRENT_PROJECT_VERSION = 1;
				GENERATE_INFOPLIST_FILE = YES;
				IPHONEOS_DEPLOYMENT_TARGET = 17.4;
				MARKETING_VERSION = 1.0;
				PRODUCT_BUNDLE_IDENTIFIER = "awesomeapp.com.Setvi-tTests";
				PRODUCT_NAME = "$(TARGET_NAME)";
				SWIFT_EMIT_LOC_STRINGS = NO;
				SWIFT_VERSION = 5.0;
				TARGETED_DEVICE_FAMILY = "1,2";
				TEST_HOST = "$(BUILT_PRODUCTS_DIR)/Setvi_t.app/$(BUNDLE_EXECUTABLE_FOLDER_PATH)/Setvi_t";
			};
			name = Debug;
		};
		2BC7F2B22BE11B82001B49FD /* Release */ = {
			isa = XCBuildConfiguration;
			buildSettings = {
				ALWAYS_EMBED_SWIFT_STANDARD_LIBRARIES = YES;
				BUNDLE_LOADER = "$(TEST_HOST)";
				CODE_SIGN_STYLE = Automatic;
				CURRENT_PROJECT_VERSION = 1;
				GENERATE_INFOPLIST_FILE = YES;
				IPHONEOS_DEPLOYMENT_TARGET = 17.4;
				MARKETING_VERSION = 1.0;
				PRODUCT_BUNDLE_IDENTIFIER = "awesomeapp.com.Setvi-tTests";
				PRODUCT_NAME = "$(TARGET_NAME)";
				SWIFT_EMIT_LOC_STRINGS = NO;
				SWIFT_VERSION = 5.0;
				TARGETED_DEVICE_FAMILY = "1,2";
				TEST_HOST = "$(BUILT_PRODUCTS_DIR)/Setvi_t.app/$(BUNDLE_EXECUTABLE_FOLDER_PATH)/Setvi_t";
			};
			name = Release;
		};
/* End XCBuildConfiguration section */

/* Begin XCConfigurationList section */
		2BC7F2842BE11B81001B49FD /* Build configuration list for PBXProject "Setvi_t" */ = {
			isa = XCConfigurationList;
			buildConfigurations = (
				2BC7F2AB2BE11B82001B49FD /* Debug */,
				2BC7F2AC2BE11B82001B49FD /* Release */,
			);
			defaultConfigurationIsVisible = 0;
			defaultConfigurationName = Release;
		};
		2BC7F2AD2BE11B82001B49FD /* Build configuration list for PBXNativeTarget "Setvi_t" */ = {
			isa = XCConfigurationList;
			buildConfigurations = (
				2BC7F2AE2BE11B82001B49FD /* Debug */,
				2BC7F2AF2BE11B82001B49FD /* Release */,
			);
			defaultConfigurationIsVisible = 0;
			defaultConfigurationName = Release;
		};
		2BC7F2B02BE11B82001B49FD /* Build configuration list for PBXNativeTarget "Setvi_tTests" */ = {
			isa = XCConfigurationList;
			buildConfigurations = (
				2BC7F2B12BE11B82001B49FD /* Debug */,
				2BC7F2B22BE11B82001B49FD /* Release */,
			);
			defaultConfigurationIsVisible = 0;
			defaultConfigurationName = Release;
		};
/* End XCConfigurationList section */
	};
	rootObject = 2BC7F2812BE11B81001B49FD /* Project object */;
}
